
Microsoft Visual Studio Solution File, Format Version 12.00
# Visual Studio Version 17
VisualStudioVersion = 17.4.33213.308
MinimumVisualStudioVersion = 10.0.40219.1
Project("{FAE04EC0-301F-11D3-BF4B-00C04F79EFBC}") = "HW_1_ADO.NET_WinForms", "HW_1_ADO.NET_WinForms\HW_1_ADO.NET_WinForms.csproj", "{BF78CBB5-18DB-427A-80FE-86FB9D54970A}"
EndProject
Global
	GlobalSection(SolutionConfigurationPlatforms) = preSolution
		Debug|Any CPU = Debug|Any CPU
		Release|Any CPU = Release|Any CPU
	EndGlobalSection
	GlobalSection(ProjectConfigurationPlatforms) = postSolution
		{BF78CBB5-18DB-427A-80FE-86FB9D54970A}.Debug|Any CPU.ActiveCfg = Debug|Any CPU
		{BF78CBB5-18DB-427A-80FE-86FB9D54970A}.Debug|Any CPU.Build.0 = Debug|Any CPU
		{BF78CBB5-18DB-427A-80FE-86FB9D54970A}.Release|Any CPU.ActiveCfg = Release|Any CPU
		{BF78CBB5-18DB-427A-80FE-86FB9D54970A}.Release|Any CPU.Build.0 = Release|Any CPU
	EndGlobalSection
	GlobalSection(SolutionProperties) = preSolution
		HideSolutionNode = FALSE
	EndGlobalSection
	GlobalSection(ExtensibilityGlobals) = postSolution
		SolutionGuid = {BD796B13-9229-413A-B513-C80777418675}
	EndGlobalSection
EndGlobal
